// !$*UTF8*$!
{
	archiveVersion = 1;
	classes = {
	};
	objectVersion = 56;
	objects = {

/* Begin PBXBuildFile section */
		AA1000012C1A000100000001 /* ISSteelTablesProApp.swift in Sources */ = {isa = PBXBuildFile; fileRef = AA1000022C1A000100000001 /* ISSteelTablesProApp.swift */; };
		AA1000032C1A000100000001 /* Assets.xcassets in Resources */ = {isa = PBXBuildFile; fileRef = AA1000042C1A000100000001 /* Assets.xcassets */; };
		AA1000052C1A000100000001 /* is_steel_sections_master.json in Resources */ = {isa = PBXBuildFile; fileRef = AA1000062C1A000100000001 /* is_steel_sections_master.json */; };
		AA1000072C1A000100000001 /* dataset_manifest.json in Resources */ = {isa = PBXBuildFile; fileRef = AA1000082C1A000100000001 /* dataset_manifest.json */; };
/* End PBXBuildFile section */

/* Begin PBXFileReference section */
		AA1000092C1A000100000001 /* ISSteelTablesPro.app */ = {isa = PBXFileReference; explicitFileType = wrapper.application; includeInIndex = 0; path = ISSteelTablesPro.app; sourceTree = BUILT_PRODUCTS_DIR; };
		AA1000022C1A000100000001 /* ISSteelTablesProApp.swift */ = {isa = PBXFileReference; lastKnownFileType = sourcecode.swift; path = ISSteelTablesProApp.swift; sourceTree = "<group>"; };
		AA1000042C1A000100000001 /* Assets.xcassets */ = {isa = PBXFileReference; lastKnownFileType = folder.assetcatalog; path = Assets.xcassets; sourceTree = "<group>"; };
		AA10000A2C1A000100000001 /* Info.plist */ = {isa = PBXFileReference; lastKnownFileType = text.plist.xml; path = Info.plist; sourceTree = "<group>"; };
		AA1000062C1A000100000001 /* is_steel_sections_master.json */ = {isa = PBXFileReference; lastKnownFileType = text.json; path = is_steel_sections_master.json; sourceTree = "<group>"; };
		AA1000082C1A000100000001 /* dataset_manifest.json */ = {isa = PBXFileReference; lastKnownFileType = text.json; path = dataset_manifest.json; sourceTree = "<group>"; };
/* End PBXFileReference section */

/* Begin PBXFrameworksBuildPhase section */
		AA10000B2C1A000100000001 /* Frameworks */ = {
			isa = PBXFrameworksBuildPhase;
			buildActionMask = 2147483647;
			files = (
			);
			runOnlyForDeploymentPostprocessing = 0;
		};
/* End PBXFrameworksBuildPhase section */

/* Begin PBXGroup section */
		AA10000C2C1A000100000001 = {
			isa = PBXGroup;
			children = (
				AA10000D2C1A000100000001 /* Sources */,
				AA10000E2C1A000100000001 /* Resources */,
				AA10000F2C1A000100000001 /* Products */,
			);
			sourceTree = "<group>";
		};
		AA10000D2C1A000100000001 /* Sources */ = {
			isa = PBXGroup;
			children = (
				AA1000022C1A000100000001 /* ISSteelTablesProApp.swift */,
			);
			path = Sources/ISSteelTablesPro/App;
			sourceTree = "<group>";
		};
		AA10000E2C1A000100000001 /* Resources */ = {
			isa = PBXGroup;
			children = (
				AA1000042C1A000100000001 /* Assets.xcassets */,
				AA10000A2C1A000100000001 /* Info.plist */,
				AA1000062C1A000100000001 /* is_steel_sections_master.json */,
				AA1000082C1A000100000001 /* dataset_manifest.json */,
			);
			path = Resources;
			sourceTree = "<group>";
		};
		AA10000F2C1A000100000001 /* Products */ = {
			isa = PBXGroup;
			children = (
				AA1000092C1A000100000001 /* ISSteelTablesPro.app */,
			);
			name = Products;
			sourceTree = "<group>";
		};
/* End PBXGroup section */

/* Begin PBXNativeTarget section */
		AA1000102C1A000100000001 /* ISSteelTablesPro */ = {
			isa = PBXNativeTarget;
			buildConfigurationList = AA1000112C1A000100000001 /* Build configuration list for PBXNativeTarget "ISSteelTablesPro" */;
			buildPhases = (
				AA1000122C1A000100000001 /* Sources */,
				AA10000B2C1A000100000001 /* Frameworks */,
				AA1000132C1A000100000001 /* Resources */,
			);
			buildRules = (
			);
			dependencies = (
			);
			name = ISSteelTablesPro;
			productName = ISSteelTablesPro;
			productReference = AA1000092C1A000100000001 /* ISSteelTablesPro.app */;
			productType = "com.apple.product-type.application";
		};
/* End PBXNativeTarget section */

/* Begin PBXProject section */
		AA1000142C1A000100000001 /* Project object */ = {
			isa = PBXProject;
			attributes = {
				BuildIndependentTargetsInParallel = 1;
				LastSwiftUpdateCheck = 1500;
				LastUpgradeCheck = 1500;
				TargetAttributes = {
					AA1000102C1A000100000001 = {
						CreatedOnToolsVersion = 15.0;
					};
				};
			};
			buildConfigurationList = AA1000152C1A000100000001 /* Build configuration list for PBXProject "ISSteelTablesPro" */;
			compatibilityVersion = "Xcode 14.0";
			developmentRegion = en;
			hasScannedForEncodings = 0;
			knownRegions = (
				en,
				Base,
			);
			mainGroup = AA10000C2C1A000100000001;
			productRefGroup = AA10000F2C1A000100000001 /* Products */;
			projectDirPath = "";
			projectRoot = "";
			targets = (
				AA1000102C1A000100000001 /* ISSteelTablesPro */,
			);
		};
/* End PBXProject section */

/* Begin PBXResourcesBuildPhase section */
		AA1000132C1A000100000001 /* Resources */ = {
			isa = PBXResourcesBuildPhase;
			buildActionMask = 2147483647;
			files = (
				AA1000032C1A000100000001 /* Assets.xcassets in Resources */,
				AA1000052C1A000100000001 /* is_steel_sections_master.json in Resources */,
				AA1000072C1A000100000001 /* dataset_manifest.json in Resources */,
			);
			runOnlyForDeploymentPostprocessing = 0;
		};
/* End PBXResourcesBuildPhase section */

/* Begin PBXSourcesBuildPhase section */
		AA1000122C1A000100000001 /* Sources */ = {
			isa = PBXSourcesBuildPhase;
			buildActionMask = 2147483647;
			files = (
				AA1000012C1A000100000001 /* ISSteelTablesProApp.swift in Sources */,
			);
			runOnlyForDeploymentPostprocessing = 0;
		};
/* End PBXSourcesBuildPhase section */

/* Begin XCBuildConfiguration section */
		AA1000162C1A000100000001 /* Debug */ = {
			isa = XCBuildConfiguration;
			buildSettings = {
				ALWAYS_SEARCH_USER_PATHS = NO;
				CLANG_ANALYZER_NONNULL = YES;
				CLANG_CXX_LANGUAGE_STANDARD = "gnu++20";
				CLANG_ENABLE_MODULES = YES;
				CLANG_ENABLE_OBJC_ARC = YES;
				COPY_PHASE_STRIP = NO;
				DEBUG_INFORMATION_FORMAT = dwarf;
				ENABLE_STRICT_OBJC_MSGSEND = YES;
				ENABLE_TESTABILITY = YES;
				GCC_DYNAMIC_NO_PIC = NO;
				GCC_NO_COMMON_BLOCKS = YES;
				GCC_OPTIMIZATION_LEVEL = 0;
				GCC_PREPROCESSOR_DEFINITIONS = (
					"DEBUG=1",
					"$(inherited)",
				);
				GCC_WARN_64_TO_32_BIT_CONVERSION = YES;
				GCC_WARN_ABOUT_RETURN_TYPE = YES_ERROR;
				GCC_WARN_UNDECLARED_SELECTOR = YES;
				GCC_WARN_UNINITIALIZED_AUTOS = YES_AGGRESSIVE;
				GCC_WARN_UNUSED_FUNCTION = YES;
				GCC_WARN_UNUSED_VARIABLE = YES;
				IPHONEOS_DEPLOYMENT_TARGET = 17.0;
				MTL_ENABLE_DEBUG_INFO = INCLUDE_SOURCE;
				MTL_FAST_MATH = YES;
				ONLY_ACTIVE_ARCH = YES;
				SDKROOT = iphoneos;
				SWIFT_ACTIVE_COMPILATION_CONDITIONS = "DEBUG $(inherited)";
				SWIFT_OPTIMIZATION_LEVEL = "-Onone";
				SWIFT_VERSION = 5.0;
			};
			name = Debug;
		};
		AA1000172C1A000100000001 /* Release */ = {
			isa = XCBuildConfiguration;
			buildSettings = {
				ALWAYS_SEARCH_USER_PATHS = NO;
				CLANG_ANALYZER_NONNULL = YES;
				CLANG_CXX_LANGUAGE_STANDARD = "gnu++20";
				CLANG_ENABLE_MODULES = YES;
				CLANG_ENABLE_OBJC_ARC = YES;
				COPY_PHASE_STRIP = NO;
				DEBUG_INFORMATION_FORMAT = "dwarf-with-dsym";
				ENABLE_NS_ASSERTIONS = NO;
				ENABLE_STRICT_OBJC_MSGSEND = YES;
				GCC_NO_COMMON_BLOCKS = YES;
				GCC_WARN_64_TO_32_BIT_CONVERSION = YES;
				GCC_WARN_ABOUT_RETURN_TYPE = YES_ERROR;
				GCC_WARN_UNDECLARED_SELECTOR = YES;
				GCC_WARN_UNINITIALIZED_AUTOS = YES_AGGRESSIVE;
				GCC_WARN_UNUSED_FUNCTION = YES;
				GCC_WARN_UNUSED_VARIABLE = YES;
				IPHONEOS_DEPLOYMENT_TARGET = 17.0;
				MTL_ENABLE_DEBUG_INFO = NO;
				MTL_FAST_MATH = YES;
				SDKROOT = iphoneos;
				SWIFT_COMPILATION_MODE = wholemodule;
				SWIFT_OPTIMIZATION_LEVEL = "-O";
				SWIFT_VERSION = 5.0;
				VALIDATE_PRODUCT = YES;
			};
			name = Release;
		};
		AA1000182C1A000100000001 /* Debug */ = {
			isa = XCBuildConfiguration;
			buildSettings = {
				ASSETCATALOG_COMPILER_APPICON_NAME = AppIcon;
				CODE_SIGN_STYLE = Automatic;
				CURRENT_PROJECT_VERSION = 1;
				GENERATE_INFOPLIST_FILE = NO;
				INFOPLIST_FILE = Resources/Info.plist;
				LD_RUNPATH_SEARCH_PATHS = (
					"$(inherited)",
					"@executable_path/Frameworks",
				);
				MARKETING_VERSION = 1.0.0;
				PRODUCT_BUNDLE_IDENTIFIER = com.engineering.issteeltablespro;
				PRODUCT_NAME = "$(TARGET_NAME)";
				SWIFT_EMIT_LOC_STRINGS = YES;
				TARGETED_DEVICE_FAMILY = "1,2";
			};
			name = Debug;
		};
		AA1000192C1A000100000001 /* Release */ = {
			isa = XCBuildConfiguration;
			buildSettings = {
				ASSETCATALOG_COMPILER_APPICON_NAME = AppIcon;
				CODE_SIGN_STYLE = Automatic;
				CURRENT_PROJECT_VERSION = 1;
				GENERATE_INFOPLIST_FILE = NO;
				INFOPLIST_FILE = Resources/Info.plist;
				LD_RUNPATH_SEARCH_PATHS = (
					"$(inherited)",
					"@executable_path/Frameworks",
				);
				MARKETING_VERSION = 1.0.0;
				PRODUCT_BUNDLE_IDENTIFIER = com.engineering.issteeltablespro;
				PRODUCT_NAME = "$(TARGET_NAME)";
				SWIFT_EMIT_LOC_STRINGS = YES;
				TARGETED_DEVICE_FAMILY = "1,2";
			};
			name = Release;
		};
/* End XCBuildConfiguration section */

/* Begin XCConfigurationList section */
		AA1000152C1A000100000001 /* Build configuration list for PBXProject "ISSteelTablesPro" */ = {
			isa = XCConfigurationList;
			buildConfigurations = (
				AA1000162C1A000100000001 /* Debug */,
				AA1000172C1A000100000001 /* Release */,
			);
			defaultConfigurationIsVisible = 0;
			defaultConfigurationName = Release;
		};
		AA1000112C1A000100000001 /* Build configuration list for PBXNativeTarget "ISSteelTablesPro" */ = {
			isa = XCConfigurationList;
			buildConfigurations = (
				AA1000182C1A000100000001 /* Debug */,
				AA1000192C1A000100000001 /* Release */,
			);
			defaultConfigurationIsVisible = 0;
			defaultConfigurationName = Release;
		};
/* End XCConfigurationList section */

	};
	rootObject = AA1000142C1A000100000001 /* Project object */;
}
